
Microsoft Visual Studio Solution File, Format Version 12.00
# Visual Studio Version 16
VisualStudioVersion = 16.0.31112.23
MinimumVisualStudioVersion = 10.0.40219.1
Project("{FAE04EC0-301F-11D3-BF4B-00C04F79EFBC}") = "Laboratorio_Clinico", "Laboratorio_Clinico\Laboratorio_Clinico.csproj", "{BCDF4BC8-C916-4D4A-9EE7-3BCC467A5C28}"
EndProject
Global
	GlobalSection(SolutionConfigurationPlatforms) = preSolution
		Debug|Any CPU = Debug|Any CPU
		Release|Any CPU = Release|Any CPU
	EndGlobalSection
	GlobalSection(ProjectConfigurationPlatforms) = postSolution
		{BCDF4BC8-C916-4D4A-9EE7-3BCC467A5C28}.Debug|Any CPU.ActiveCfg = Debug|Any CPU
		{BCDF4BC8-C916-4D4A-9EE7-3BCC467A5C28}.Debug|Any CPU.Build.0 = Debug|Any CPU
		{BCDF4BC8-C916-4D4A-9EE7-3BCC467A5C28}.Release|Any CPU.ActiveCfg = Release|Any CPU
		{BCDF4BC8-C916-4D4A-9EE7-3BCC467A5C28}.Release|Any CPU.Build.0 = Release|Any CPU
	EndGlobalSection
	GlobalSection(SolutionProperties) = preSolution
		HideSolutionNode = FALSE
	EndGlobalSection
	GlobalSection(ExtensibilityGlobals) = postSolution
		SolutionGuid = {258D96AE-4E77-490F-9FF8-7CB4DAD597A6}
	EndGlobalSection
EndGlobal
